
Microsoft Visual Studio Solution File, Format Version 12.00
# Visual Studio 2017
Project("{FAE04EC0-301F-11D3-BF4B-00C04F79EFBC}") = "ARChess", "ARChess.csproj", "{DE07BDC0-D79A-13B1-839C-6784A35A6C16}"
EndProject
Project("{FAE04EC0-301F-11D3-BF4B-00C04F79EFBC}") = "ARChess.Editor", "ARChess.Editor.csproj", "{1BCCE808-D55F-31D6-5467-B273D987DDA6}"
EndProject
Global
	GlobalSection(SolutionConfigurationPlatforms) = preSolution
		Debug|Any CPU = Debug|Any CPU
		Release|Any CPU = Release|Any CPU
	EndGlobalSection
	GlobalSection(ProjectConfigurationPlatforms) = postSolution
		{DE07BDC0-D79A-13B1-839C-6784A35A6C16}.Debug|Any CPU.ActiveCfg = Debug|Any CPU
		{DE07BDC0-D79A-13B1-839C-6784A35A6C16}.Debug|Any CPU.Build.0 = Debug|Any CPU
		{DE07BDC0-D79A-13B1-839C-6784A35A6C16}.Release|Any CPU.ActiveCfg = Release|Any CPU
		{DE07BDC0-D79A-13B1-839C-6784A35A6C16}.Release|Any CPU.Build.0 = Release|Any CPU
		{1BCCE808-D55F-31D6-5467-B273D987DDA6}.Debug|Any CPU.ActiveCfg = Debug|Any CPU
		{1BCCE808-D55F-31D6-5467-B273D987DDA6}.Debug|Any CPU.Build.0 = Debug|Any CPU
		{1BCCE808-D55F-31D6-5467-B273D987DDA6}.Release|Any CPU.ActiveCfg = Release|Any CPU
		{1BCCE808-D55F-31D6-5467-B273D987DDA6}.Release|Any CPU.Build.0 = Release|Any CPU
	EndGlobalSection
	GlobalSection(SolutionProperties) = preSolution
		HideSolutionNode = FALSE
	EndGlobalSection
EndGlobal
